
Microsoft Visual Studio Solution File, Format Version 12.00
# Visual Studio 15
VisualStudioVersion = 15.0.26730.16
MinimumVisualStudioVersion = 10.0.40219.1
Project("{FAE04EC0-301F-11D3-BF4B-00C04F79EFBC}") = "Exercise_8B", "Exercise_8B\Exercise_8B.csproj", "{BC2679E7-30E4-4789-82DF-C15DE8696069}"
EndProject
Global
	GlobalSection(SolutionConfigurationPlatforms) = preSolution
		Debug|Any CPU = Debug|Any CPU
		Release|Any CPU = Release|Any CPU
	EndGlobalSection
	GlobalSection(ProjectConfigurationPlatforms) = postSolution
		{BC2679E7-30E4-4789-82DF-C15DE8696069}.Debug|Any CPU.ActiveCfg = Debug|Any CPU
		{BC2679E7-30E4-4789-82DF-C15DE8696069}.Debug|Any CPU.Build.0 = Debug|Any CPU
		{BC2679E7-30E4-4789-82DF-C15DE8696069}.Release|Any CPU.ActiveCfg = Release|Any CPU
		{BC2679E7-30E4-4789-82DF-C15DE8696069}.Release|Any CPU.Build.0 = Release|Any CPU
	EndGlobalSection
	GlobalSection(SolutionProperties) = preSolution
		HideSolutionNode = FALSE
	EndGlobalSection
	GlobalSection(ExtensibilityGlobals) = postSolution
		SolutionGuid = {BD48E328-1E27-4CAA-A840-2E7276F58485}
	EndGlobalSection
EndGlobal
