
Microsoft Visual Studio Solution File, Format Version 12.00
# Visual Studio 15
VisualStudioVersion = 15.0.26730.16
MinimumVisualStudioVersion = 10.0.40219.1
Project("{FAE04EC0-301F-11D3-BF4B-00C04F79EFBC}") = "ConsoleApp15", "ConsoleApp15\ConsoleApp15.csproj", "{F5DF2587-3B20-476D-86C8-F428B0DB96A2}"
EndProject
Global
	GlobalSection(SolutionConfigurationPlatforms) = preSolution
		Debug|Any CPU = Debug|Any CPU
		Release|Any CPU = Release|Any CPU
	EndGlobalSection
	GlobalSection(ProjectConfigurationPlatforms) = postSolution
		{F5DF2587-3B20-476D-86C8-F428B0DB96A2}.Debug|Any CPU.ActiveCfg = Debug|Any CPU
		{F5DF2587-3B20-476D-86C8-F428B0DB96A2}.Debug|Any CPU.Build.0 = Debug|Any CPU
		{F5DF2587-3B20-476D-86C8-F428B0DB96A2}.Release|Any CPU.ActiveCfg = Release|Any CPU
		{F5DF2587-3B20-476D-86C8-F428B0DB96A2}.Release|Any CPU.Build.0 = Release|Any CPU
	EndGlobalSection
	GlobalSection(SolutionProperties) = preSolution
		HideSolutionNode = FALSE
	EndGlobalSection
	GlobalSection(ExtensibilityGlobals) = postSolution
		SolutionGuid = {9E6C0613-6F56-4CF7-8647-4F47236FFC8E}
	EndGlobalSection
EndGlobal
