
Microsoft Visual Studio Solution File, Format Version 12.00
# Visual Studio 15
VisualStudioVersion = 15.0.26730.16
MinimumVisualStudioVersion = 10.0.40219.1
Project("{FAE04EC0-301F-11D3-BF4B-00C04F79EFBC}") = "ConsoleApp14", "ConsoleApp14\ConsoleApp14.csproj", "{ACB33E8C-A512-4EDD-BC06-C3CD98658760}"
EndProject
Global
	GlobalSection(SolutionConfigurationPlatforms) = preSolution
		Debug|Any CPU = Debug|Any CPU
		Release|Any CPU = Release|Any CPU
	EndGlobalSection
	GlobalSection(ProjectConfigurationPlatforms) = postSolution
		{ACB33E8C-A512-4EDD-BC06-C3CD98658760}.Debug|Any CPU.ActiveCfg = Debug|Any CPU
		{ACB33E8C-A512-4EDD-BC06-C3CD98658760}.Debug|Any CPU.Build.0 = Debug|Any CPU
		{ACB33E8C-A512-4EDD-BC06-C3CD98658760}.Release|Any CPU.ActiveCfg = Release|Any CPU
		{ACB33E8C-A512-4EDD-BC06-C3CD98658760}.Release|Any CPU.Build.0 = Release|Any CPU
	EndGlobalSection
	GlobalSection(SolutionProperties) = preSolution
		HideSolutionNode = FALSE
	EndGlobalSection
	GlobalSection(ExtensibilityGlobals) = postSolution
		SolutionGuid = {D3D92776-5A36-4C73-9565-410B9CA61F0E}
	EndGlobalSection
EndGlobal
